
Microsoft Visual Studio Solution File, Format Version 12.00
# Visual Studio Version 17
VisualStudioVersion = 17.4.33122.133
MinimumVisualStudioVersion = 10.0.40219.1
Project("{9A19103F-16F7-4668-BE54-9A1E7A4F7556}") = "AdventOfCode2025.Puzzles", "AdventOfCode2025.Puzzles\AdventOfCode2025.Puzzles.csproj", "{334C16A2-D4C3-4155-962C-687B361D5D9E}"
EndProject
Project("{2150E333-8FDC-42A3-9474-1A3956D46DE8}") = "Solution items", "Solution items", "{80A7A30A-FC17-4D5E-B38E-7725508997CF}"
	ProjectSection(SolutionItems) = preProject
		.editorconfig = .editorconfig
	EndProjectSection
EndProject
Global
	GlobalSection(SolutionConfigurationPlatforms) = preSolution
		Debug|Any CPU = Debug|Any CPU
		Release|Any CPU = Release|Any CPU
	EndGlobalSection
	GlobalSection(ProjectConfigurationPlatforms) = postSolution
		{334C16A2-D4C3-4155-962C-687B361D5D9E}.Debug|Any CPU.ActiveCfg = Debug|Any CPU
		{334C16A2-D4C3-4155-962C-687B361D5D9E}.Debug|Any CPU.Build.0 = Debug|Any CPU
		{334C16A2-D4C3-4155-962C-687B361D5D9E}.Release|Any CPU.ActiveCfg = Release|Any CPU
		{334C16A2-D4C3-4155-962C-687B361D5D9E}.Release|Any CPU.Build.0 = Release|Any CPU
	EndGlobalSection
	GlobalSection(SolutionProperties) = preSolution
		HideSolutionNode = FALSE
	EndGlobalSection
	GlobalSection(ExtensibilityGlobals) = postSolution
		SolutionGuid = {F411C0A7-2091-45C1-B0FE-357D691D48BD}
	EndGlobalSection
EndGlobal
